
Microsoft Visual Studio Solution File, Format Version 12.00
# Visual Studio Version 17
VisualStudioVersion = 17.4.33122.133
MinimumVisualStudioVersion = 10.0.40219.1
Project("{9A19103F-16F7-4668-BE54-9A1E7A4F7556}") = "_06_Generics", "_06_Generics\_06_Generics.csproj", "{FF18ABB5-C976-4D9D-B503-1C5DF2A0F1E0}"
EndProject
Project("{9A19103F-16F7-4668-BE54-9A1E7A4F7556}") = "_07_Delegates", "_07_Delegates\_07_Delegates.csproj", "{521F9F1C-B104-46A0-A2C6-DA74C3B5A999}"
EndProject
Project("{9A19103F-16F7-4668-BE54-9A1E7A4F7556}") = "_08_LambdaExpressions", "..\_08_LambdaExpressions\_08_LambdaExpressions\_08_LambdaExpressions.csproj", "{2A7FE5FF-0E8E-423D-9A83-978603BBED11}"
EndProject
Project("{FAE04EC0-301F-11D3-BF4B-00C04F79EFBC}") = "Shared", "Shared\Shared.csproj", "{72C0E329-154B-4DF9-AE48-D6EBD9FB9B8B}"
EndProject
Project("{FAE04EC0-301F-11D3-BF4B-00C04F79EFBC}") = "_09_Events", "_09_Events\_09_Events.csproj", "{CD15D336-8A69-4B93-8F1E-B3DD6562604E}"
EndProject
Global
	GlobalSection(SolutionConfigurationPlatforms) = preSolution
		Debug|Any CPU = Debug|Any CPU
		Release|Any CPU = Release|Any CPU
	EndGlobalSection
	GlobalSection(ProjectConfigurationPlatforms) = postSolution
		{FF18ABB5-C976-4D9D-B503-1C5DF2A0F1E0}.Debug|Any CPU.ActiveCfg = Debug|Any CPU
		{FF18ABB5-C976-4D9D-B503-1C5DF2A0F1E0}.Debug|Any CPU.Build.0 = Debug|Any CPU
		{FF18ABB5-C976-4D9D-B503-1C5DF2A0F1E0}.Release|Any CPU.ActiveCfg = Release|Any CPU
		{FF18ABB5-C976-4D9D-B503-1C5DF2A0F1E0}.Release|Any CPU.Build.0 = Release|Any CPU
		{521F9F1C-B104-46A0-A2C6-DA74C3B5A999}.Debug|Any CPU.ActiveCfg = Debug|Any CPU
		{521F9F1C-B104-46A0-A2C6-DA74C3B5A999}.Debug|Any CPU.Build.0 = Debug|Any CPU
		{521F9F1C-B104-46A0-A2C6-DA74C3B5A999}.Release|Any CPU.ActiveCfg = Release|Any CPU
		{521F9F1C-B104-46A0-A2C6-DA74C3B5A999}.Release|Any CPU.Build.0 = Release|Any CPU
		{2A7FE5FF-0E8E-423D-9A83-978603BBED11}.Debug|Any CPU.ActiveCfg = Debug|Any CPU
		{2A7FE5FF-0E8E-423D-9A83-978603BBED11}.Debug|Any CPU.Build.0 = Debug|Any CPU
		{2A7FE5FF-0E8E-423D-9A83-978603BBED11}.Release|Any CPU.ActiveCfg = Release|Any CPU
		{2A7FE5FF-0E8E-423D-9A83-978603BBED11}.Release|Any CPU.Build.0 = Release|Any CPU
		{72C0E329-154B-4DF9-AE48-D6EBD9FB9B8B}.Debug|Any CPU.ActiveCfg = Debug|Any CPU
		{72C0E329-154B-4DF9-AE48-D6EBD9FB9B8B}.Debug|Any CPU.Build.0 = Debug|Any CPU
		{72C0E329-154B-4DF9-AE48-D6EBD9FB9B8B}.Release|Any CPU.ActiveCfg = Release|Any CPU
		{72C0E329-154B-4DF9-AE48-D6EBD9FB9B8B}.Release|Any CPU.Build.0 = Release|Any CPU
		{CD15D336-8A69-4B93-8F1E-B3DD6562604E}.Debug|Any CPU.ActiveCfg = Debug|Any CPU
		{CD15D336-8A69-4B93-8F1E-B3DD6562604E}.Debug|Any CPU.Build.0 = Debug|Any CPU
		{CD15D336-8A69-4B93-8F1E-B3DD6562604E}.Release|Any CPU.ActiveCfg = Release|Any CPU
		{CD15D336-8A69-4B93-8F1E-B3DD6562604E}.Release|Any CPU.Build.0 = Release|Any CPU
	EndGlobalSection
	GlobalSection(SolutionProperties) = preSolution
		HideSolutionNode = FALSE
	EndGlobalSection
	GlobalSection(ExtensibilityGlobals) = postSolution
		SolutionGuid = {9ACE9951-FC87-4B49-B3C5-D689C300A774}
	EndGlobalSection
EndGlobal
